{
  "name": "NodeGL",
  "version": "2.0.0",
  "lockfileVersion": 3,
  "requires": true,
  "packages": {
    "": {
      "name": "NodeGL",
      "version": "2.0.0",
      "license": "MIT",
      "dependencies": {
        "lumos-language": "^2.0.0"
      },
      "bin": {
        "nodegl": "./index.cjs"
      }
    },
    "node_modules/nodegl": {
      "version": "2.0.0",
      "resolved": "https://registry.npmjs.org/nodegl/-/nodegl-2.0.0.tgz",
      "bin": {
        "nodegl": "./index.cjs"
      }
    }
  }
}
